
Microsoft Visual Studio Solution File, Format Version 12.00
# Visual Studio Version 16
VisualStudioVersion = 16.0.30523.141
MinimumVisualStudioVersion = 10.0.40219.1
Project("{FAE04EC0-301F-11D3-BF4B-00C04F79EFBC}") = "Final_Dwork", "Final_Dwork\Final_Dwork.csproj", "{12932C54-2E73-4E88-A068-75288D063D64}"
EndProject
Project("{FAE04EC0-301F-11D3-BF4B-00C04F79EFBC}") = "DailyWork_4", "DailyWork_4\DailyWork_4.csproj", "{BE8EFE0B-673F-4070-A533-E72BF686EE7D}"
EndProject
Global
	GlobalSection(SolutionConfigurationPlatforms) = preSolution
		Debug|Any CPU = Debug|Any CPU
		Release|Any CPU = Release|Any CPU
	EndGlobalSection
	GlobalSection(ProjectConfigurationPlatforms) = postSolution
		{12932C54-2E73-4E88-A068-75288D063D64}.Debug|Any CPU.ActiveCfg = Debug|Any CPU
		{12932C54-2E73-4E88-A068-75288D063D64}.Debug|Any CPU.Build.0 = Debug|Any CPU
		{12932C54-2E73-4E88-A068-75288D063D64}.Release|Any CPU.ActiveCfg = Release|Any CPU
		{12932C54-2E73-4E88-A068-75288D063D64}.Release|Any CPU.Build.0 = Release|Any CPU
		{BE8EFE0B-673F-4070-A533-E72BF686EE7D}.Debug|Any CPU.ActiveCfg = Debug|Any CPU
		{BE8EFE0B-673F-4070-A533-E72BF686EE7D}.Debug|Any CPU.Build.0 = Debug|Any CPU
		{BE8EFE0B-673F-4070-A533-E72BF686EE7D}.Release|Any CPU.ActiveCfg = Release|Any CPU
		{BE8EFE0B-673F-4070-A533-E72BF686EE7D}.Release|Any CPU.Build.0 = Release|Any CPU
	EndGlobalSection
	GlobalSection(SolutionProperties) = preSolution
		HideSolutionNode = FALSE
	EndGlobalSection
	GlobalSection(ExtensibilityGlobals) = postSolution
		SolutionGuid = {7CBDC92D-390D-43BF-B66F-E6DC8AFA4B58}
	EndGlobalSection
EndGlobal
